
Microsoft Visual Studio Solution File, Format Version 12.00
# Visual Studio Version 17
VisualStudioVersion = 17.5.33502.453
MinimumVisualStudioVersion = 10.0.40219.1
Project("{FAE04EC0-301F-11D3-BF4B-00C04F79EFBC}") = "HelloCSharp", "HelloCSharp\HelloCSharp.csproj", "{518A0047-F646-476A-AB50-A14C5891EBF5}"
EndProject
Global
	GlobalSection(SolutionConfigurationPlatforms) = preSolution
		Debug|Any CPU = Debug|Any CPU
		Release|Any CPU = Release|Any CPU
	EndGlobalSection
	GlobalSection(ProjectConfigurationPlatforms) = postSolution
		{518A0047-F646-476A-AB50-A14C5891EBF5}.Debug|Any CPU.ActiveCfg = Debug|Any CPU
		{518A0047-F646-476A-AB50-A14C5891EBF5}.Debug|Any CPU.Build.0 = Debug|Any CPU
		{518A0047-F646-476A-AB50-A14C5891EBF5}.Release|Any CPU.ActiveCfg = Release|Any CPU
		{518A0047-F646-476A-AB50-A14C5891EBF5}.Release|Any CPU.Build.0 = Release|Any CPU
	EndGlobalSection
	GlobalSection(SolutionProperties) = preSolution
		HideSolutionNode = FALSE
	EndGlobalSection
	GlobalSection(ExtensibilityGlobals) = postSolution
		SolutionGuid = {6F21C080-E6DC-49E7-BBBF-25A2DC9A651C}
	EndGlobalSection
EndGlobal
