
Microsoft Visual Studio Solution File, Format Version 12.00
# Visual Studio Version 17
VisualStudioVersion = 17.5.33502.453
MinimumVisualStudioVersion = 10.0.40219.1
Project("{9A19103F-16F7-4668-BE54-9A1E7A4F7556}") = "coding wMosh", "coding wMosh\coding wMosh.csproj", "{DC87E45D-BED7-4317-9444-B951102C9C9F}"
EndProject
Project("{9A19103F-16F7-4668-BE54-9A1E7A4F7556}") = "Arrays and Lists", "Arrays\Arrays and Lists.csproj", "{380A30C2-875D-4FD3-9AEF-92F5DF66963D}"
EndProject
Project("{9A19103F-16F7-4668-BE54-9A1E7A4F7556}") = "Strings", "Strings\Strings.csproj", "{9604E03A-72AA-4306-ACE2-642BBB58786C}"
EndProject
Project("{9A19103F-16F7-4668-BE54-9A1E7A4F7556}") = "workingWithFiles", "workingWithFiles\workingWithFiles.csproj", "{3126B971-76B4-4031-8F47-F3CC05F16FEF}"
EndProject
Project("{FAE04EC0-301F-11D3-BF4B-00C04F79EFBC}") = "Debugging", "Debugging\Debugging.csproj", "{4B7DA970-E9DC-495C-81B9-FB1CFE7494AB}"
EndProject
Global
	GlobalSection(SolutionConfigurationPlatforms) = preSolution
		Debug|Any CPU = Debug|Any CPU
		Release|Any CPU = Release|Any CPU
	EndGlobalSection
	GlobalSection(ProjectConfigurationPlatforms) = postSolution
		{DC87E45D-BED7-4317-9444-B951102C9C9F}.Debug|Any CPU.ActiveCfg = Debug|Any CPU
		{DC87E45D-BED7-4317-9444-B951102C9C9F}.Debug|Any CPU.Build.0 = Debug|Any CPU
		{DC87E45D-BED7-4317-9444-B951102C9C9F}.Release|Any CPU.ActiveCfg = Release|Any CPU
		{DC87E45D-BED7-4317-9444-B951102C9C9F}.Release|Any CPU.Build.0 = Release|Any CPU
		{380A30C2-875D-4FD3-9AEF-92F5DF66963D}.Debug|Any CPU.ActiveCfg = Debug|Any CPU
		{380A30C2-875D-4FD3-9AEF-92F5DF66963D}.Debug|Any CPU.Build.0 = Debug|Any CPU
		{380A30C2-875D-4FD3-9AEF-92F5DF66963D}.Release|Any CPU.ActiveCfg = Release|Any CPU
		{380A30C2-875D-4FD3-9AEF-92F5DF66963D}.Release|Any CPU.Build.0 = Release|Any CPU
		{9604E03A-72AA-4306-ACE2-642BBB58786C}.Debug|Any CPU.ActiveCfg = Debug|Any CPU
		{9604E03A-72AA-4306-ACE2-642BBB58786C}.Debug|Any CPU.Build.0 = Debug|Any CPU
		{9604E03A-72AA-4306-ACE2-642BBB58786C}.Release|Any CPU.ActiveCfg = Release|Any CPU
		{9604E03A-72AA-4306-ACE2-642BBB58786C}.Release|Any CPU.Build.0 = Release|Any CPU
		{3126B971-76B4-4031-8F47-F3CC05F16FEF}.Debug|Any CPU.ActiveCfg = Debug|Any CPU
		{3126B971-76B4-4031-8F47-F3CC05F16FEF}.Debug|Any CPU.Build.0 = Debug|Any CPU
		{3126B971-76B4-4031-8F47-F3CC05F16FEF}.Release|Any CPU.ActiveCfg = Release|Any CPU
		{3126B971-76B4-4031-8F47-F3CC05F16FEF}.Release|Any CPU.Build.0 = Release|Any CPU
		{4B7DA970-E9DC-495C-81B9-FB1CFE7494AB}.Debug|Any CPU.ActiveCfg = Debug|Any CPU
		{4B7DA970-E9DC-495C-81B9-FB1CFE7494AB}.Debug|Any CPU.Build.0 = Debug|Any CPU
		{4B7DA970-E9DC-495C-81B9-FB1CFE7494AB}.Release|Any CPU.ActiveCfg = Release|Any CPU
		{4B7DA970-E9DC-495C-81B9-FB1CFE7494AB}.Release|Any CPU.Build.0 = Release|Any CPU
	EndGlobalSection
	GlobalSection(SolutionProperties) = preSolution
		HideSolutionNode = FALSE
	EndGlobalSection
	GlobalSection(ExtensibilityGlobals) = postSolution
		SolutionGuid = {277EFDD2-3179-4B9B-9344-B5DDCE59F6B0}
	EndGlobalSection
EndGlobal
