
Microsoft Visual Studio Solution File, Format Version 12.00
# Visual Studio Version 17
VisualStudioVersion = 17.5.33502.453
MinimumVisualStudioVersion = 10.0.40219.1
Project("{FAE04EC0-301F-11D3-BF4B-00C04F79EFBC}") = "exercises 06.05", "exercises 06.05\exercises 06.05.csproj", "{AAA0D4B2-281E-4DA9-9D90-F0BB84834BDF}"
EndProject
Global
	GlobalSection(SolutionConfigurationPlatforms) = preSolution
		Debug|Any CPU = Debug|Any CPU
		Release|Any CPU = Release|Any CPU
	EndGlobalSection
	GlobalSection(ProjectConfigurationPlatforms) = postSolution
		{AAA0D4B2-281E-4DA9-9D90-F0BB84834BDF}.Debug|Any CPU.ActiveCfg = Debug|Any CPU
		{AAA0D4B2-281E-4DA9-9D90-F0BB84834BDF}.Debug|Any CPU.Build.0 = Debug|Any CPU
		{AAA0D4B2-281E-4DA9-9D90-F0BB84834BDF}.Release|Any CPU.ActiveCfg = Release|Any CPU
		{AAA0D4B2-281E-4DA9-9D90-F0BB84834BDF}.Release|Any CPU.Build.0 = Release|Any CPU
	EndGlobalSection
	GlobalSection(SolutionProperties) = preSolution
		HideSolutionNode = FALSE
	EndGlobalSection
	GlobalSection(ExtensibilityGlobals) = postSolution
		SolutionGuid = {E2F5D007-D42C-4FB5-9E99-F96FC38D7ECF}
	EndGlobalSection
EndGlobal
