
Microsoft Visual Studio Solution File, Format Version 12.00
# Visual Studio Version 17
VisualStudioVersion = 17.5.33502.453
MinimumVisualStudioVersion = 10.0.40219.1
Project("{FAE04EC0-301F-11D3-BF4B-00C04F79EFBC}") = "PacktLibraryNetStandard2", "PacktLibraryNetStandard2\PacktLibraryNetStandard2.csproj", "{C2AA57E5-744F-4143-87D9-3EC183D8BEBA}"
EndProject
Project("{FAE04EC0-301F-11D3-BF4B-00C04F79EFBC}") = "PeopleApp", "PeopleApp\PeopleApp.csproj", "{68071515-C72C-4DED-9088-7C00564F5A31}"
EndProject
Global
	GlobalSection(SolutionConfigurationPlatforms) = preSolution
		Debug|Any CPU = Debug|Any CPU
		Release|Any CPU = Release|Any CPU
	EndGlobalSection
	GlobalSection(ProjectConfigurationPlatforms) = postSolution
		{C2AA57E5-744F-4143-87D9-3EC183D8BEBA}.Debug|Any CPU.ActiveCfg = Debug|Any CPU
		{C2AA57E5-744F-4143-87D9-3EC183D8BEBA}.Debug|Any CPU.Build.0 = Debug|Any CPU
		{C2AA57E5-744F-4143-87D9-3EC183D8BEBA}.Release|Any CPU.ActiveCfg = Release|Any CPU
		{C2AA57E5-744F-4143-87D9-3EC183D8BEBA}.Release|Any CPU.Build.0 = Release|Any CPU
		{68071515-C72C-4DED-9088-7C00564F5A31}.Debug|Any CPU.ActiveCfg = Debug|Any CPU
		{68071515-C72C-4DED-9088-7C00564F5A31}.Debug|Any CPU.Build.0 = Debug|Any CPU
		{68071515-C72C-4DED-9088-7C00564F5A31}.Release|Any CPU.ActiveCfg = Release|Any CPU
		{68071515-C72C-4DED-9088-7C00564F5A31}.Release|Any CPU.Build.0 = Release|Any CPU
	EndGlobalSection
	GlobalSection(SolutionProperties) = preSolution
		HideSolutionNode = FALSE
	EndGlobalSection
	GlobalSection(ExtensibilityGlobals) = postSolution
		SolutionGuid = {48E2383A-265B-48E8-B831-61C6A00DD173}
	EndGlobalSection
EndGlobal
